
Microsoft Visual Studio Solution File, Format Version 12.00
# Visual Studio Version 16
VisualStudioVersion = 16.0.29806.167
MinimumVisualStudioVersion = 10.0.40219.1
Project("{FAE04EC0-301F-11D3-BF4B-00C04F79EFBC}") = "RetailManagerDataManager", "RetailManagerDataManager\RetailManagerDataManager.csproj", "{2A1A01C8-6F8D-47CC-A541-6C58A2D96C83}"
EndProject
Project("{00D1A9C2-B5F0-4AF3-8072-F6C62B433612}") = "RMData", "RMData\RMData.sqlproj", "{3453731C-B573-42DD-995C-593206873BD6}"
EndProject
Project("{FAE04EC0-301F-11D3-BF4B-00C04F79EFBC}") = "RMDesktopUI", "RMDesktopUI\RMDesktopUI.csproj", "{F2683537-E77B-4AF1-9B8F-DAB42DB47552}"
EndProject
Global
	GlobalSection(SolutionConfigurationPlatforms) = preSolution
		Debug|Any CPU = Debug|Any CPU
		Release|Any CPU = Release|Any CPU
	EndGlobalSection
	GlobalSection(ProjectConfigurationPlatforms) = postSolution
		{2A1A01C8-6F8D-47CC-A541-6C58A2D96C83}.Debug|Any CPU.ActiveCfg = Debug|Any CPU
		{2A1A01C8-6F8D-47CC-A541-6C58A2D96C83}.Debug|Any CPU.Build.0 = Debug|Any CPU
		{2A1A01C8-6F8D-47CC-A541-6C58A2D96C83}.Release|Any CPU.ActiveCfg = Release|Any CPU
		{2A1A01C8-6F8D-47CC-A541-6C58A2D96C83}.Release|Any CPU.Build.0 = Release|Any CPU
		{3453731C-B573-42DD-995C-593206873BD6}.Debug|Any CPU.ActiveCfg = Debug|Any CPU
		{3453731C-B573-42DD-995C-593206873BD6}.Debug|Any CPU.Build.0 = Debug|Any CPU
		{3453731C-B573-42DD-995C-593206873BD6}.Debug|Any CPU.Deploy.0 = Debug|Any CPU
		{3453731C-B573-42DD-995C-593206873BD6}.Release|Any CPU.ActiveCfg = Release|Any CPU
		{3453731C-B573-42DD-995C-593206873BD6}.Release|Any CPU.Build.0 = Release|Any CPU
		{3453731C-B573-42DD-995C-593206873BD6}.Release|Any CPU.Deploy.0 = Release|Any CPU
		{F2683537-E77B-4AF1-9B8F-DAB42DB47552}.Debug|Any CPU.ActiveCfg = Debug|Any CPU
		{F2683537-E77B-4AF1-9B8F-DAB42DB47552}.Debug|Any CPU.Build.0 = Debug|Any CPU
		{F2683537-E77B-4AF1-9B8F-DAB42DB47552}.Release|Any CPU.ActiveCfg = Release|Any CPU
		{F2683537-E77B-4AF1-9B8F-DAB42DB47552}.Release|Any CPU.Build.0 = Release|Any CPU
	EndGlobalSection
	GlobalSection(SolutionProperties) = preSolution
		HideSolutionNode = FALSE
	EndGlobalSection
	GlobalSection(ExtensibilityGlobals) = postSolution
		SolutionGuid = {71FA0C3F-41D0-4170-96D7-CA375F5C0CD4}
	EndGlobalSection
EndGlobal
